
Microsoft Visual Studio Solution File, Format Version 12.00
# Visual Studio 15
VisualStudioVersion = 15.0.26430.16
MinimumVisualStudioVersion = 10.0.40219.1
Project("{FAE04EC0-301F-11D3-BF4B-00C04F79EFBC}") = "VMS homework", "VMS homework\VMS homework.csproj", "{05EB09E6-129E-4FA7-AC34-0A899FC6E287}"
EndProject
Global
	GlobalSection(SolutionConfigurationPlatforms) = preSolution
		Debug|Any CPU = Debug|Any CPU
		Release|Any CPU = Release|Any CPU
	EndGlobalSection
	GlobalSection(ProjectConfigurationPlatforms) = postSolution
		{05EB09E6-129E-4FA7-AC34-0A899FC6E287}.Debug|Any CPU.ActiveCfg = Debug|Any CPU
		{05EB09E6-129E-4FA7-AC34-0A899FC6E287}.Debug|Any CPU.Build.0 = Debug|Any CPU
		{05EB09E6-129E-4FA7-AC34-0A899FC6E287}.Release|Any CPU.ActiveCfg = Release|Any CPU
		{05EB09E6-129E-4FA7-AC34-0A899FC6E287}.Release|Any CPU.Build.0 = Release|Any CPU
	EndGlobalSection
	GlobalSection(SolutionProperties) = preSolution
		HideSolutionNode = FALSE
	EndGlobalSection
EndGlobal
